
Microsoft Visual Studio Solution File, Format Version 12.00
# Visual Studio Version 17
VisualStudioVersion = 17.14.36127.28 d17.14
MinimumVisualStudioVersion = 10.0.40219.1
Project("{FAE04EC0-301F-11D3-BF4B-00C04F79EFBC}") = "docker_pgadmin_net", "docker_pgadmin_net\docker_pgadmin_net.csproj", "{6686A328-C511-4854-B775-CE0E8D48DBA4}"
EndProject
Global
	GlobalSection(SolutionConfigurationPlatforms) = preSolution
		Debug|Any CPU = Debug|Any CPU
		Release|Any CPU = Release|Any CPU
	EndGlobalSection
	GlobalSection(ProjectConfigurationPlatforms) = postSolution
		{6686A328-C511-4854-B775-CE0E8D48DBA4}.Debug|Any CPU.ActiveCfg = Debug|Any CPU
		{6686A328-C511-4854-B775-CE0E8D48DBA4}.Debug|Any CPU.Build.0 = Debug|Any CPU
		{6686A328-C511-4854-B775-CE0E8D48DBA4}.Release|Any CPU.ActiveCfg = Release|Any CPU
		{6686A328-C511-4854-B775-CE0E8D48DBA4}.Release|Any CPU.Build.0 = Release|Any CPU
	EndGlobalSection
	GlobalSection(SolutionProperties) = preSolution
		HideSolutionNode = FALSE
	EndGlobalSection
	GlobalSection(ExtensibilityGlobals) = postSolution
		SolutionGuid = {50769E5D-5EA9-4FA8-A53F-F86F91BD52BB}
	EndGlobalSection
EndGlobal
